
Microsoft Visual Studio Solution File, Format Version 12.00
Project("{FAE04EC0-301F-11D3-BF4B-00C04F79EFBC}") = "lv1_1", "lv1_1\lv1_1.csproj", "{9A4ECD72-0512-45A1-811B-19226B6CD390}"
EndProject
Project("{FAE04EC0-301F-11D3-BF4B-00C04F79EFBC}") = "lv2_3", "lv2_3\lv2_3.csproj", "{C1A12CDB-13DC-45B3-ADC6-AEC7C0CD8AFC}"
EndProject
Project("{FAE04EC0-301F-11D3-BF4B-00C04F79EFBC}") = "lv1_2", "lv1_2\lv1_2.csproj", "{1EA6A5CB-A288-4F46-8403-C56409C825DC}"
EndProject
Project("{FAE04EC0-301F-11D3-BF4B-00C04F79EFBC}") = "lv2_4", "lv2_4\lv2_4.csproj", "{95F3902F-A9AB-46D4-8D47-6100E108CEEC}"
EndProject
Project("{FAE04EC0-301F-11D3-BF4B-00C04F79EFBC}") = "lv2_5", "lv2_5\lv2_5.csproj", "{7397AA06-7DC6-4422-9CD4-5536CA8AB8E9}"
EndProject
Project("{FAE04EC0-301F-11D3-BF4B-00C04F79EFBC}") = "lv2_6", "lv2_6\lv2_6.csproj", "{7B2D2D7A-BB66-4D40-B560-705F466F914A}"
EndProject
Project("{FAE04EC0-301F-11D3-BF4B-00C04F79EFBC}") = "lv3_7", "lv3_7\lv3_7.csproj", "{C677ED98-3E67-4C90-90D5-28EBF35DA065}"
EndProject
Project("{FAE04EC0-301F-11D3-BF4B-00C04F79EFBC}") = "lv3_8", "lv3_8\lv3_8.csproj", "{E8AE25FE-92A8-4C2D-84D3-EBA550830D30}"
EndProject
Global
	GlobalSection(SolutionConfigurationPlatforms) = preSolution
		Debug|Any CPU = Debug|Any CPU
		Release|Any CPU = Release|Any CPU
	EndGlobalSection
	GlobalSection(ProjectConfigurationPlatforms) = postSolution
		{9A4ECD72-0512-45A1-811B-19226B6CD390}.Debug|Any CPU.ActiveCfg = Debug|Any CPU
		{9A4ECD72-0512-45A1-811B-19226B6CD390}.Debug|Any CPU.Build.0 = Debug|Any CPU
		{9A4ECD72-0512-45A1-811B-19226B6CD390}.Release|Any CPU.ActiveCfg = Release|Any CPU
		{9A4ECD72-0512-45A1-811B-19226B6CD390}.Release|Any CPU.Build.0 = Release|Any CPU
		{C1A12CDB-13DC-45B3-ADC6-AEC7C0CD8AFC}.Debug|Any CPU.ActiveCfg = Debug|Any CPU
		{C1A12CDB-13DC-45B3-ADC6-AEC7C0CD8AFC}.Debug|Any CPU.Build.0 = Debug|Any CPU
		{C1A12CDB-13DC-45B3-ADC6-AEC7C0CD8AFC}.Release|Any CPU.ActiveCfg = Release|Any CPU
		{C1A12CDB-13DC-45B3-ADC6-AEC7C0CD8AFC}.Release|Any CPU.Build.0 = Release|Any CPU
		{1EA6A5CB-A288-4F46-8403-C56409C825DC}.Debug|Any CPU.ActiveCfg = Debug|Any CPU
		{1EA6A5CB-A288-4F46-8403-C56409C825DC}.Debug|Any CPU.Build.0 = Debug|Any CPU
		{1EA6A5CB-A288-4F46-8403-C56409C825DC}.Release|Any CPU.ActiveCfg = Release|Any CPU
		{1EA6A5CB-A288-4F46-8403-C56409C825DC}.Release|Any CPU.Build.0 = Release|Any CPU
		{95F3902F-A9AB-46D4-8D47-6100E108CEEC}.Debug|Any CPU.ActiveCfg = Debug|Any CPU
		{95F3902F-A9AB-46D4-8D47-6100E108CEEC}.Debug|Any CPU.Build.0 = Debug|Any CPU
		{95F3902F-A9AB-46D4-8D47-6100E108CEEC}.Release|Any CPU.ActiveCfg = Release|Any CPU
		{95F3902F-A9AB-46D4-8D47-6100E108CEEC}.Release|Any CPU.Build.0 = Release|Any CPU
		{7397AA06-7DC6-4422-9CD4-5536CA8AB8E9}.Debug|Any CPU.ActiveCfg = Debug|Any CPU
		{7397AA06-7DC6-4422-9CD4-5536CA8AB8E9}.Debug|Any CPU.Build.0 = Debug|Any CPU
		{7397AA06-7DC6-4422-9CD4-5536CA8AB8E9}.Release|Any CPU.ActiveCfg = Release|Any CPU
		{7397AA06-7DC6-4422-9CD4-5536CA8AB8E9}.Release|Any CPU.Build.0 = Release|Any CPU
		{7B2D2D7A-BB66-4D40-B560-705F466F914A}.Debug|Any CPU.ActiveCfg = Debug|Any CPU
		{7B2D2D7A-BB66-4D40-B560-705F466F914A}.Debug|Any CPU.Build.0 = Debug|Any CPU
		{7B2D2D7A-BB66-4D40-B560-705F466F914A}.Release|Any CPU.ActiveCfg = Release|Any CPU
		{7B2D2D7A-BB66-4D40-B560-705F466F914A}.Release|Any CPU.Build.0 = Release|Any CPU
		{C677ED98-3E67-4C90-90D5-28EBF35DA065}.Debug|Any CPU.ActiveCfg = Debug|Any CPU
		{C677ED98-3E67-4C90-90D5-28EBF35DA065}.Debug|Any CPU.Build.0 = Debug|Any CPU
		{C677ED98-3E67-4C90-90D5-28EBF35DA065}.Release|Any CPU.ActiveCfg = Release|Any CPU
		{C677ED98-3E67-4C90-90D5-28EBF35DA065}.Release|Any CPU.Build.0 = Release|Any CPU
		{E8AE25FE-92A8-4C2D-84D3-EBA550830D30}.Debug|Any CPU.ActiveCfg = Debug|Any CPU
		{E8AE25FE-92A8-4C2D-84D3-EBA550830D30}.Debug|Any CPU.Build.0 = Debug|Any CPU
		{E8AE25FE-92A8-4C2D-84D3-EBA550830D30}.Release|Any CPU.ActiveCfg = Release|Any CPU
		{E8AE25FE-92A8-4C2D-84D3-EBA550830D30}.Release|Any CPU.Build.0 = Release|Any CPU
	EndGlobalSection
EndGlobal
